
Microsoft Visual Studio Solution File, Format Version 12.00
Project("{FAE04EC0-301F-11D3-BF4B-00C04F79EFBC}") = "ShellTimer.Cli", "ShellTimer.Cli\ShellTimer.Cli.csproj", "{42DF5080-55FA-4CFB-A134-C7FC6C2C34B4}"
EndProject
Project("{FAE04EC0-301F-11D3-BF4B-00C04F79EFBC}") = "ShellTimer.WebApi", "ShellTimer.WebApi\ShellTimer.WebApi.csproj", "{E7EF80AF-E690-4CE7-BD07-CA24BA82CC86}"
EndProject
Project("{2150E333-8FDC-42A3-9474-1A3956D46DE8}") = "Solution Items", "Solution Items", "{8C8783D7-2E2F-4405-9A15-999B1DC1EA63}"
	ProjectSection(SolutionItems) = preProject
		docker-compose.yaml = docker-compose.yaml
	EndProjectSection
EndProject
Project("{FAE04EC0-301F-11D3-BF4B-00C04F79EFBC}") = "ShellTimer.Shared", "ShellTimer.Shared\ShellTimer.Shared.csproj", "{EEA563C2-C3C5-40A9-8FF7-6B9E5C7D1A78}"
EndProject
Global
	GlobalSection(SolutionConfigurationPlatforms) = preSolution
		Debug|Any CPU = Debug|Any CPU
		Release|Any CPU = Release|Any CPU
	EndGlobalSection
	GlobalSection(ProjectConfigurationPlatforms) = postSolution
		{42DF5080-55FA-4CFB-A134-C7FC6C2C34B4}.Debug|Any CPU.ActiveCfg = Debug|Any CPU
		{42DF5080-55FA-4CFB-A134-C7FC6C2C34B4}.Debug|Any CPU.Build.0 = Debug|Any CPU
		{42DF5080-55FA-4CFB-A134-C7FC6C2C34B4}.Release|Any CPU.ActiveCfg = Release|Any CPU
		{42DF5080-55FA-4CFB-A134-C7FC6C2C34B4}.Release|Any CPU.Build.0 = Release|Any CPU
		{E7EF80AF-E690-4CE7-BD07-CA24BA82CC86}.Debug|Any CPU.ActiveCfg = Debug|Any CPU
		{E7EF80AF-E690-4CE7-BD07-CA24BA82CC86}.Debug|Any CPU.Build.0 = Debug|Any CPU
		{E7EF80AF-E690-4CE7-BD07-CA24BA82CC86}.Release|Any CPU.ActiveCfg = Release|Any CPU
		{E7EF80AF-E690-4CE7-BD07-CA24BA82CC86}.Release|Any CPU.Build.0 = Release|Any CPU
		{EEA563C2-C3C5-40A9-8FF7-6B9E5C7D1A78}.Debug|Any CPU.ActiveCfg = Debug|Any CPU
		{EEA563C2-C3C5-40A9-8FF7-6B9E5C7D1A78}.Debug|Any CPU.Build.0 = Debug|Any CPU
		{EEA563C2-C3C5-40A9-8FF7-6B9E5C7D1A78}.Release|Any CPU.ActiveCfg = Release|Any CPU
		{EEA563C2-C3C5-40A9-8FF7-6B9E5C7D1A78}.Release|Any CPU.Build.0 = Release|Any CPU
	EndGlobalSection
EndGlobal
