Microsoft Visual Studio Solution File, Format Version 12.00
# Visual Studio Version 17
VisualStudioVersion = 17.5.2.0
MinimumVisualStudioVersion = 10.0.40219.1
Project("{FAE04EC0-301F-11D3-BF4B-00C04F79EFBC}") = "EmreKadirTiren-ConsoleApp", "EmreKadirTiren-ConsoleApp.csproj", "{9C5419AF-6094-89D3-DB5C-DE1CE6531689}"
EndProject
Global
	GlobalSection(SolutionConfigurationPlatforms) = preSolution
		Debug|Any CPU = Debug|Any CPU
		Release|Any CPU = Release|Any CPU
	EndGlobalSection
	GlobalSection(ProjectConfigurationPlatforms) = postSolution
		{9C5419AF-6094-89D3-DB5C-DE1CE6531689}.Debug|Any CPU.ActiveCfg = Debug|Any CPU
		{9C5419AF-6094-89D3-DB5C-DE1CE6531689}.Debug|Any CPU.Build.0 = Debug|Any CPU
		{9C5419AF-6094-89D3-DB5C-DE1CE6531689}.Release|Any CPU.ActiveCfg = Release|Any CPU
		{9C5419AF-6094-89D3-DB5C-DE1CE6531689}.Release|Any CPU.Build.0 = Release|Any CPU
	EndGlobalSection
	GlobalSection(SolutionProperties) = preSolution
		HideSolutionNode = FALSE
	EndGlobalSection
	GlobalSection(ExtensibilityGlobals) = postSolution
		SolutionGuid = {B55BA848-5AFE-4A12-AC96-23F74FEB44BD}
	EndGlobalSection
EndGlobal
